// !$*UTF8*$!
{
	archiveVersion = 1;
	classes = {
	};
	objectVersion = 77;
	objects = {

/* Begin PBXContainerItemProxy section */
		9A5FABB92E6861CE00A4AF54 /* PBXContainerItemProxy */ = {
			isa = PBXContainerItemProxy;
			containerPortal = 9A5FABA02E6861CD00A4AF54 /* Project object */;
			proxyType = 1;
			remoteGlobalIDString = 9A5FABA72E6861CD00A4AF54;
			remoteInfo = DogBreedQuiz;
		};
		9A5FABC32E6861CE00A4AF54 /* PBXContainerItemProxy */ = {
			isa = PBXContainerItemProxy;
			containerPortal = 9A5FABA02E6861CD00A4AF54 /* Project object */;
			proxyType = 1;
			remoteGlobalIDString = 9A5FABA72E6861CD00A4AF54;
			remoteInfo = DogBreedQuiz;
		};
/* End PBXContainerItemProxy section */

/* Begin PBXFileReference section */
		9A5FABA82E6861CD00A4AF54 /* DogBreedQuiz.app */ = {isa = PBXFileReference; explicitFileType = wrapper.application; includeInIndex = 0; path = DogBreedQuiz.app; sourceTree = BUILT_PRODUCTS_DIR; };
		9A5FABB82E6861CE00A4AF54 /* DogBreedQuizTests.xctest */ = {isa = PBXFileReference; explicitFileType = wrapper.cfbundle; includeInIndex = 0; path = DogBreedQuizTests.xctest; sourceTree = BUILT_PRODUCTS_DIR; };
		9A5FABC22E6861CE00A4AF54 /* DogBreedQuizUITests.xctest */ = {isa = PBXFileReference; explicitFileType = wrapper.cfbundle; includeInIndex = 0; path = DogBreedQuizUITests.xctest; sourceTree = BUILT_PRODUCTS_DIR; };
/* End PBXFileReference section */

/* Begin PBXFileSystemSynchronizedRootGroup section */
		9A5FABAA2E6861CD00A4AF54 /* DogBreedQuiz */ = {
			isa = PBXFileSystemSynchronizedRootGroup;
			path = DogBreedQuiz;
			sourceTree = "<group>";
		};
		9A5FABBB2E6861CE00A4AF54 /* DogBreedQuizTests */ = {
			isa = PBXFileSystemSynchronizedRootGroup;
			path = DogBreedQuizTests;
			sourceTree = "<group>";
		};
		9A5FABC52E6861CE00A4AF54 /* DogBreedQuizUITests */ = {
			isa = PBXFileSystemSynchronizedRootGroup;
			path = DogBreedQuizUITests;
			sourceTree = "<group>";
		};
/* End PBXFileSystemSynchronizedRootGroup section */

/* Begin PBXFrameworksBuildPhase section */
		9A5FABA52E6861CD00A4AF54 /* Frameworks */ = {
			isa = PBXFrameworksBuildPhase;
			buildActionMask = 2147483647;
			files = (
			);
			runOnlyForDeploymentPostprocessing = 0;
		};
		9A5FABB52E6861CE00A4AF54 /* Frameworks */ = {
			isa = PBXFrameworksBuildPhase;
			buildActionMask = 2147483647;
			files = (
			);
			runOnlyForDeploymentPostprocessing = 0;
		};
		9A5FABBF2E6861CE00A4AF54 /* Frameworks */ = {
			isa = PBXFrameworksBuildPhase;
			buildActionMask = 2147483647;
			files = (
			);
			runOnlyForDeploymentPostprocessing = 0;
		};
/* End PBXFrameworksBuildPhase section */

/* Begin PBXGroup section */
		9A5FAB9F2E6861CD00A4AF54 = {
			isa = PBXGroup;
			children = (
				9A5FABAA2E6861CD00A4AF54 /* DogBreedQuiz */,
				9A5FABBB2E6861CE00A4AF54 /* DogBreedQuizTests */,
				9A5FABC52E6861CE00A4AF54 /* DogBreedQuizUITests */,
				9A5FABA92E6861CD00A4AF54 /* Products */,
			);
			sourceTree = "<group>";
		};
		9A5FABA92E6861CD00A4AF54 /* Products */ = {
			isa = PBXGroup;
			children = (
				9A5FABA82E6861CD00A4AF54 /* DogBreedQuiz.app */,
				9A5FABB82E6861CE00A4AF54 /* DogBreedQuizTests.xctest */,
				9A5FABC22E6861CE00A4AF54 /* DogBreedQuizUITests.xctest */,
			);
			name = Products;
			sourceTree = "<group>";
		};
/* End PBXGroup section */

/* Begin PBXNativeTarget section */
		9A5FABA72E6861CD00A4AF54 /* DogBreedQuiz */ = {
			isa = PBXNativeTarget;
			buildConfigurationList = 9A5FABCC2E6861CE00A4AF54 /* Build configuration list for PBXNativeTarget "DogBreedQuiz" */;
			buildPhases = (
				9A5FABA42E6861CD00A4AF54 /* Sources */,
				9A5FABA52E6861CD00A4AF54 /* Frameworks */,
				9A5FABA62E6861CD00A4AF54 /* Resources */,
			);
			buildRules = (
			);
			dependencies = (
			);
			fileSystemSynchronizedGroups = (
				9A5FABAA2E6861CD00A4AF54 /* DogBreedQuiz */,
			);
			name = DogBreedQuiz;
			packageProductDependencies = (
			);
			productName = DogBreedQuiz;
			productReference = 9A5FABA82E6861CD00A4AF54 /* DogBreedQuiz.app */;
			productType = "com.apple.product-type.application";
		};
		9A5FABB72E6861CE00A4AF54 /* DogBreedQuizTests */ = {
			isa = PBXNativeTarget;
			buildConfigurationList = 9A5FABCF2E6861CE00A4AF54 /* Build configuration list for PBXNativeTarget "DogBreedQuizTests" */;
			buildPhases = (
				9A5FABB42E6861CE00A4AF54 /* Sources */,
				9A5FABB52E6861CE00A4AF54 /* Frameworks */,
				9A5FABB62E6861CE00A4AF54 /* Resources */,
			);
			buildRules = (
			);
			dependencies = (
				9A5FABBA2E6861CE00A4AF54 /* PBXTargetDependency */,
			);
			fileSystemSynchronizedGroups = (
				9A5FABBB2E6861CE00A4AF54 /* DogBreedQuizTests */,
			);
			name = DogBreedQuizTests;
			packageProductDependencies = (
			);
			productName = DogBreedQuizTests;
			productReference = 9A5FABB82E6861CE00A4AF54 /* DogBreedQuizTests.xctest */;
			productType = "com.apple.product-type.bundle.unit-test";
		};
		9A5FABC12E6861CE00A4AF54 /* DogBreedQuizUITests */ = {
			isa = PBXNativeTarget;
			buildConfigurationList = 9A5FABD22E6861CE00A4AF54 /* Build configuration list for PBXNativeTarget "DogBreedQuizUITests" */;
			buildPhases = (
				9A5FABBE2E6861CE00A4AF54 /* Sources */,
				9A5FABBF2E6861CE00A4AF54 /* Frameworks */,
				9A5FABC02E6861CE00A4AF54 /* Resources */,
			);
			buildRules = (
			);
			dependencies = (
				9A5FABC42E6861CE00A4AF54 /* PBXTargetDependency */,
			);
			fileSystemSynchronizedGroups = (
				9A5FABC52E6861CE00A4AF54 /* DogBreedQuizUITests */,
			);
			name = DogBreedQuizUITests;
			packageProductDependencies = (
			);
			productName = DogBreedQuizUITests;
			productReference = 9A5FABC22E6861CE00A4AF54 /* DogBreedQuizUITests.xctest */;
			productType = "com.apple.product-type.bundle.ui-testing";
		};
/* End PBXNativeTarget section */

/* Begin PBXProject section */
		9A5FABA02E6861CD00A4AF54 /* Project object */ = {
			isa = PBXProject;
			attributes = {
				BuildIndependentTargetsInParallel = 1;
				LastSwiftUpdateCheck = 1620;
				LastUpgradeCheck = 1620;
				TargetAttributes = {
					9A5FABA72E6861CD00A4AF54 = {
						CreatedOnToolsVersion = 16.2;
					};
					9A5FABB72E6861CE00A4AF54 = {
						CreatedOnToolsVersion = 16.2;
						TestTargetID = 9A5FABA72E6861CD00A4AF54;
					};
					9A5FABC12E6861CE00A4AF54 = {
						CreatedOnToolsVersion = 16.2;
						TestTargetID = 9A5FABA72E6861CD00A4AF54;
					};
				};
			};
			buildConfigurationList = 9A5FABA32E6861CD00A4AF54 /* Build configuration list for PBXProject "DogBreedQuiz" */;
			developmentRegion = en;
			hasScannedForEncodings = 0;
			knownRegions = (
				en,
				Base,
			);
			mainGroup = 9A5FAB9F2E6861CD00A4AF54;
			minimizedProjectReferenceProxies = 1;
			preferredProjectObjectVersion = 77;
			productRefGroup = 9A5FABA92E6861CD00A4AF54 /* Products */;
			projectDirPath = "";
			projectRoot = "";
			targets = (
				9A5FABA72E6861CD00A4AF54 /* DogBreedQuiz */,
				9A5FABB72E6861CE00A4AF54 /* DogBreedQuizTests */,
				9A5FABC12E6861CE00A4AF54 /* DogBreedQuizUITests */,
			);
		};
/* End PBXProject section */

/* Begin PBXResourcesBuildPhase section */
		9A5FABA62E6861CD00A4AF54 /* Resources */ = {
			isa = PBXResourcesBuildPhase;
			buildActionMask = 2147483647;
			files = (
			);
			runOnlyForDeploymentPostprocessing = 0;
		};
		9A5FABB62E6861CE00A4AF54 /* Resources */ = {
			isa = PBXResourcesBuildPhase;
			buildActionMask = 2147483647;
			files = (
			);
			runOnlyForDeploymentPostprocessing = 0;
		};
		9A5FABC02E6861CE00A4AF54 /* Resources */ = {
			isa = PBXResourcesBuildPhase;
			buildActionMask = 2147483647;
			files = (
			);
			runOnlyForDeploymentPostprocessing = 0;
		};
/* End PBXResourcesBuildPhase section */

/* Begin PBXSourcesBuildPhase section */
		9A5FABA42E6861CD00A4AF54 /* Sources */ = {
			isa = PBXSourcesBuildPhase;
			buildActionMask = 2147483647;
			files = (
			);
			runOnlyForDeploymentPostprocessing = 0;
		};
		9A5FABB42E6861CE00A4AF54 /* Sources */ = {
			isa = PBXSourcesBuildPhase;
			buildActionMask = 2147483647;
			files = (
			);
			runOnlyForDeploymentPostprocessing = 0;
		};
		9A5FABBE2E6861CE00A4AF54 /* Sources */ = {
			isa = PBXSourcesBuildPhase;
			buildActionMask = 2147483647;
			files = (
			);
			runOnlyForDeploymentPostprocessing = 0;
		};
/* End PBXSourcesBuildPhase section */

/* Begin PBXTargetDependency section */
		9A5FABBA2E6861CE00A4AF54 /* PBXTargetDependency */ = {
			isa = PBXTargetDependency;
			target = 9A5FABA72E6861CD00A4AF54 /* DogBreedQuiz */;
			targetProxy = 9A5FABB92E6861CE00A4AF54 /* PBXContainerItemProxy */;
		};
		9A5FABC42E6861CE00A4AF54 /* PBXTargetDependency */ = {
			isa = PBXTargetDependency;
			target = 9A5FABA72E6861CD00A4AF54 /* DogBreedQuiz */;
			targetProxy = 9A5FABC32E6861CE00A4AF54 /* PBXContainerItemProxy */;
		};
/* End PBXTargetDependency section */

/* Begin XCBuildConfiguration section */
		9A5FABCA2E6861CE00A4AF54 /* Debug */ = {
			isa = XCBuildConfiguration;
			buildSettings = {
				ALWAYS_SEARCH_USER_PATHS = NO;
				ASSETCATALOG_COMPILER_GENERATE_SWIFT_ASSET_SYMBOL_EXTENSIONS = YES;
				CLANG_ANALYZER_NONNULL = YES;
				CLANG_ANALYZER_NUMBER_OBJECT_CONVERSION = YES_AGGRESSIVE;
				CLANG_CXX_LANGUAGE_STANDARD = "gnu++20";
				CLANG_ENABLE_MODULES = YES;
				CLANG_ENABLE_OBJC_ARC = YES;
				CLANG_ENABLE_OBJC_WEAK = YES;
				CLANG_WARN_BLOCK_CAPTURE_AUTORELEASING = YES;
				CLANG_WARN_BOOL_CONVERSION = YES;
				CLANG_WARN_COMMA = YES;
				CLANG_WARN_CONSTANT_CONVERSION = YES;
				CLANG_WARN_DEPRECATED_OBJC_IMPLEMENTATIONS = YES;
				CLANG_WARN_DIRECT_OBJC_ISA_USAGE = YES_ERROR;
				CLANG_WARN_DOCUMENTATION_COMMENTS = YES;
				CLANG_WARN_EMPTY_BODY = YES;
				CLANG_WARN_ENUM_CONVERSION = YES;
				CLANG_WARN_INFINITE_RECURSION = YES;
				CLANG_WARN_INT_CONVERSION = YES;
				CLANG_WARN_NON_LITERAL_NULL_CONVERSION = YES;
				CLANG_WARN_OBJC_IMPLICIT_RETAIN_SELF = YES;
				CLANG_WARN_OBJC_LITERAL_CONVERSION = YES;
				CLANG_WARN_OBJC_ROOT_CLASS = YES_ERROR;
				CLANG_WARN_QUOTED_INCLUDE_IN_FRAMEWORK_HEADER = YES;
				CLANG_WARN_RANGE_LOOP_ANALYSIS = YES;
				CLANG_WARN_STRICT_PROTOTYPES = YES;
				CLANG_WARN_SUSPICIOUS_MOVE = YES;
				CLANG_WARN_UNGUARDED_AVAILABILITY = YES_AGGRESSIVE;
				CLANG_WARN_UNREACHABLE_CODE = YES;
				CLANG_WARN__DUPLICATE_METHOD_MATCH = YES;
				COPY_PHASE_STRIP = NO;
				DEBUG_INFORMATION_FORMAT = dwarf;
				ENABLE_STRICT_OBJC_MSGSEND = YES;
				ENABLE_TESTABILITY = YES;
				ENABLE_USER_SCRIPT_SANDBOXING = YES;
				GCC_C_LANGUAGE_STANDARD = gnu17;
				GCC_DYNAMIC_NO_PIC = NO;
				GCC_NO_COMMON_BLOCKS = YES;
				GCC_OPTIMIZATION_LEVEL = 0;
				GCC_PREPROCESSOR_DEFINITIONS = (
					"DEBUG=1",
					"$(inherited)",
				);
				GCC_WARN_64_TO_32_BIT_CONVERSION = YES;
				GCC_WARN_ABOUT_RETURN_TYPE = YES_ERROR;
				GCC_WARN_UNDECLARED_SELECTOR = YES;
				GCC_WARN_UNINITIALIZED_AUTOS = YES_AGGRESSIVE;
				GCC_WARN_UNUSED_FUNCTION = YES;
				GCC_WARN_UNUSED_VARIABLE = YES;
				IPHONEOS_DEPLOYMENT_TARGET = 18.2;
				LOCALIZATION_PREFERS_STRING_CATALOGS = YES;
				MTL_ENABLE_DEBUG_INFO = INCLUDE_SOURCE;
				MTL_FAST_MATH = YES;
				ONLY_ACTIVE_ARCH = YES;
				SDKROOT = iphoneos;
				SWIFT_ACTIVE_COMPILATION_CONDITIONS = "DEBUG $(inherited)";
				SWIFT_OPTIMIZATION_LEVEL = "-Onone";
			};
			name = Debug;
		};
		9A5FABCB2E6861CE00A4AF54 /* Release */ = {
			isa = XCBuildConfiguration;
			buildSettings = {
				ALWAYS_SEARCH_USER_PATHS = NO;
				ASSETCATALOG_COMPILER_GENERATE_SWIFT_ASSET_SYMBOL_EXTENSIONS = YES;
				CLANG_ANALYZER_NONNULL = YES;
				CLANG_ANALYZER_NUMBER_OBJECT_CONVERSION = YES_AGGRESSIVE;
				CLANG_CXX_LANGUAGE_STANDARD = "gnu++20";
				CLANG_ENABLE_MODULES = YES;
				CLANG_ENABLE_OBJC_ARC = YES;
				CLANG_ENABLE_OBJC_WEAK = YES;
				CLANG_WARN_BLOCK_CAPTURE_AUTORELEASING = YES;
				CLANG_WARN_BOOL_CONVERSION = YES;
				CLANG_WARN_COMMA = YES;
				CLANG_WARN_CONSTANT_CONVERSION = YES;
				CLANG_WARN_DEPRECATED_OBJC_IMPLEMENTATIONS = YES;
				CLANG_WARN_DIRECT_OBJC_ISA_USAGE = YES_ERROR;
				CLANG_WARN_DOCUMENTATION_COMMENTS = YES;
				CLANG_WARN_EMPTY_BODY = YES;
				CLANG_WARN_ENUM_CONVERSION = YES;
				CLANG_WARN_INFINITE_RECURSION = YES;
				CLANG_WARN_INT_CONVERSION = YES;
				CLANG_WARN_NON_LITERAL_NULL_CONVERSION = YES;
				CLANG_WARN_OBJC_IMPLICIT_RETAIN_SELF = YES;
				CLANG_WARN_OBJC_LITERAL_CONVERSION = YES;
				CLANG_WARN_OBJC_ROOT_CLASS = YES_ERROR;
				CLANG_WARN_QUOTED_INCLUDE_IN_FRAMEWORK_HEADER = YES;
				CLANG_WARN_RANGE_LOOP_ANALYSIS = YES;
				CLANG_WARN_STRICT_PROTOTYPES = YES;
				CLANG_WARN_SUSPICIOUS_MOVE = YES;
				CLANG_WARN_UNGUARDED_AVAILABILITY = YES_AGGRESSIVE;
				CLANG_WARN_UNREACHABLE_CODE = YES;
				CLANG_WARN__DUPLICATE_METHOD_MATCH = YES;
				COPY_PHASE_STRIP = NO;
				DEBUG_INFORMATION_FORMAT = "dwarf-with-dsym";
				ENABLE_NS_ASSERTIONS = NO;
				ENABLE_STRICT_OBJC_MSGSEND = YES;
				ENABLE_USER_SCRIPT_SANDBOXING = YES;
				GCC_C_LANGUAGE_STANDARD = gnu17;
				GCC_NO_COMMON_BLOCKS = YES;
				GCC_WARN_64_TO_32_BIT_CONVERSION = YES;
				GCC_WARN_ABOUT_RETURN_TYPE = YES_ERROR;
				GCC_WARN_UNDECLARED_SELECTOR = YES;
				GCC_WARN_UNINITIALIZED_AUTOS = YES_AGGRESSIVE;
				GCC_WARN_UNUSED_FUNCTION = YES;
				GCC_WARN_UNUSED_VARIABLE = YES;
				IPHONEOS_DEPLOYMENT_TARGET = 18.2;
				LOCALIZATION_PREFERS_STRING_CATALOGS = YES;
				MTL_ENABLE_DEBUG_INFO = NO;
				MTL_FAST_MATH = YES;
				SDKROOT = iphoneos;
				SWIFT_COMPILATION_MODE = wholemodule;
				VALIDATE_PRODUCT = YES;
			};
			name = Release;
		};
		9A5FABCD2E6861CE00A4AF54 /* Debug */ = {
			isa = XCBuildConfiguration;
			buildSettings = {
				ASSETCATALOG_COMPILER_APPICON_NAME = AppIcon;
				ASSETCATALOG_COMPILER_GLOBAL_ACCENT_COLOR_NAME = AccentColor;
				CODE_SIGN_STYLE = Automatic;
				CURRENT_PROJECT_VERSION = 1;
				DEVELOPMENT_ASSET_PATHS = "\"DogBreedQuiz/Preview Content\"";
				ENABLE_PREVIEWS = YES;
				GENERATE_INFOPLIST_FILE = YES;
				INFOPLIST_KEY_UIApplicationSceneManifest_Generation = YES;
				INFOPLIST_KEY_UIApplicationSupportsIndirectInputEvents = YES;
				INFOPLIST_KEY_UILaunchScreen_Generation = YES;
				INFOPLIST_KEY_UISupportedInterfaceOrientations_iPad = "UIInterfaceOrientationPortrait UIInterfaceOrientationPortraitUpsideDown UIInterfaceOrientationLandscapeLeft UIInterfaceOrientationLandscapeRight";
				INFOPLIST_KEY_UISupportedInterfaceOrientations_iPhone = "UIInterfaceOrientationPortrait UIInterfaceOrientationLandscapeLeft UIInterfaceOrientationLandscapeRight";
				LD_RUNPATH_SEARCH_PATHS = (
					"$(inherited)",
					"@executable_path/Frameworks",
				);
				MARKETING_VERSION = 1.0;
				PRODUCT_BUNDLE_IDENTIFIER = com.DogBreedQuiz;
				PRODUCT_NAME = "$(TARGET_NAME)";
				SWIFT_EMIT_LOC_STRINGS = YES;
				SWIFT_VERSION = 5.0;
				TARGETED_DEVICE_FAMILY = "1,2";
			};
			name = Debug;
		};
		9A5FABCE2E6861CE00A4AF54 /* Release */ = {
			isa = XCBuildConfiguration;
			buildSettings = {
				ASSETCATALOG_COMPILER_APPICON_NAME = AppIcon;
				ASSETCATALOG_COMPILER_GLOBAL_ACCENT_COLOR_NAME = AccentColor;
				CODE_SIGN_STYLE = Automatic;
				CURRENT_PROJECT_VERSION = 1;
				DEVELOPMENT_ASSET_PATHS = "\"DogBreedQuiz/Preview Content\"";
				ENABLE_PREVIEWS = YES;
				GENERATE_INFOPLIST_FILE = YES;
				INFOPLIST_KEY_UIApplicationSceneManifest_Generation = YES;
				INFOPLIST_KEY_UIApplicationSupportsIndirectInputEvents = YES;
				INFOPLIST_KEY_UILaunchScreen_Generation = YES;
				INFOPLIST_KEY_UISupportedInterfaceOrientations_iPad = "UIInterfaceOrientationPortrait UIInterfaceOrientationPortraitUpsideDown UIInterfaceOrientationLandscapeLeft UIInterfaceOrientationLandscapeRight";
				INFOPLIST_KEY_UISupportedInterfaceOrientations_iPhone = "UIInterfaceOrientationPortrait UIInterfaceOrientationLandscapeLeft UIInterfaceOrientationLandscapeRight";
				LD_RUNPATH_SEARCH_PATHS = (
					"$(inherited)",
					"@executable_path/Frameworks",
				);
				MARKETING_VERSION = 1.0;
				PRODUCT_BUNDLE_IDENTIFIER = com.DogBreedQuiz;
				PRODUCT_NAME = "$(TARGET_NAME)";
				SWIFT_EMIT_LOC_STRINGS = YES;
				SWIFT_VERSION = 5.0;
				TARGETED_DEVICE_FAMILY = "1,2";
			};
			name = Release;
		};
		9A5FABD02E6861CE00A4AF54 /* Debug */ = {
			isa = XCBuildConfiguration;
			buildSettings = {
				BUNDLE_LOADER = "$(TEST_HOST)";
				CODE_SIGN_STYLE = Automatic;
				CURRENT_PROJECT_VERSION = 1;
				GENERATE_INFOPLIST_FILE = YES;
				IPHONEOS_DEPLOYMENT_TARGET = 18.2;
				MARKETING_VERSION = 1.0;
				PRODUCT_BUNDLE_IDENTIFIER = com.DogBreedQuizTests;
				PRODUCT_NAME = "$(TARGET_NAME)";
				SWIFT_EMIT_LOC_STRINGS = NO;
				SWIFT_VERSION = 5.0;
				TARGETED_DEVICE_FAMILY = "1,2";
				TEST_HOST = "$(BUILT_PRODUCTS_DIR)/DogBreedQuiz.app/$(BUNDLE_EXECUTABLE_FOLDER_PATH)/DogBreedQuiz";
			};
			name = Debug;
		};
		9A5FABD12E6861CE00A4AF54 /* Release */ = {
			isa = XCBuildConfiguration;
			buildSettings = {
				BUNDLE_LOADER = "$(TEST_HOST)";
				CODE_SIGN_STYLE = Automatic;
				CURRENT_PROJECT_VERSION = 1;
				GENERATE_INFOPLIST_FILE = YES;
				IPHONEOS_DEPLOYMENT_TARGET = 18.2;
				MARKETING_VERSION = 1.0;
				PRODUCT_BUNDLE_IDENTIFIER = com.DogBreedQuizTests;
				PRODUCT_NAME = "$(TARGET_NAME)";
				SWIFT_EMIT_LOC_STRINGS = NO;
				SWIFT_VERSION = 5.0;
				TARGETED_DEVICE_FAMILY = "1,2";
				TEST_HOST = "$(BUILT_PRODUCTS_DIR)/DogBreedQuiz.app/$(BUNDLE_EXECUTABLE_FOLDER_PATH)/DogBreedQuiz";
			};
			name = Release;
		};
		9A5FABD32E6861CE00A4AF54 /* Debug */ = {
			isa = XCBuildConfiguration;
			buildSettings = {
				CODE_SIGN_STYLE = Automatic;
				CURRENT_PROJECT_VERSION = 1;
				GENERATE_INFOPLIST_FILE = YES;
				MARKETING_VERSION = 1.0;
				PRODUCT_BUNDLE_IDENTIFIER = com.DogBreedQuizUITests;
				PRODUCT_NAME = "$(TARGET_NAME)";
				SWIFT_EMIT_LOC_STRINGS = NO;
				SWIFT_VERSION = 5.0;
				TARGETED_DEVICE_FAMILY = "1,2";
				TEST_TARGET_NAME = DogBreedQuiz;
			};
			name = Debug;
		};
		9A5FABD42E6861CE00A4AF54 /* Release */ = {
			isa = XCBuildConfiguration;
			buildSettings = {
				CODE_SIGN_STYLE = Automatic;
				CURRENT_PROJECT_VERSION = 1;
				GENERATE_INFOPLIST_FILE = YES;
				MARKETING_VERSION = 1.0;
				PRODUCT_BUNDLE_IDENTIFIER = com.DogBreedQuizUITests;
				PRODUCT_NAME = "$(TARGET_NAME)";
				SWIFT_EMIT_LOC_STRINGS = NO;
				SWIFT_VERSION = 5.0;
				TARGETED_DEVICE_FAMILY = "1,2";
				TEST_TARGET_NAME = DogBreedQuiz;
			};
			name = Release;
		};
/* End XCBuildConfiguration section */

/* Begin XCConfigurationList section */
		9A5FABA32E6861CD00A4AF54 /* Build configuration list for PBXProject "DogBreedQuiz" */ = {
			isa = XCConfigurationList;
			buildConfigurations = (
				9A5FABCA2E6861CE00A4AF54 /* Debug */,
				9A5FABCB2E6861CE00A4AF54 /* Release */,
			);
			defaultConfigurationIsVisible = 0;
			defaultConfigurationName = Release;
		};
		9A5FABCC2E6861CE00A4AF54 /* Build configuration list for PBXNativeTarget "DogBreedQuiz" */ = {
			isa = XCConfigurationList;
			buildConfigurations = (
				9A5FABCD2E6861CE00A4AF54 /* Debug */,
				9A5FABCE2E6861CE00A4AF54 /* Release */,
			);
			defaultConfigurationIsVisible = 0;
			defaultConfigurationName = Release;
		};
		9A5FABCF2E6861CE00A4AF54 /* Build configuration list for PBXNativeTarget "DogBreedQuizTests" */ = {
			isa = XCConfigurationList;
			buildConfigurations = (
				9A5FABD02E6861CE00A4AF54 /* Debug */,
				9A5FABD12E6861CE00A4AF54 /* Release */,
			);
			defaultConfigurationIsVisible = 0;
			defaultConfigurationName = Release;
		};
		9A5FABD22E6861CE00A4AF54 /* Build configuration list for PBXNativeTarget "DogBreedQuizUITests" */ = {
			isa = XCConfigurationList;
			buildConfigurations = (
				9A5FABD32E6861CE00A4AF54 /* Debug */,
				9A5FABD42E6861CE00A4AF54 /* Release */,
			);
			defaultConfigurationIsVisible = 0;
			defaultConfigurationName = Release;
		};
/* End XCConfigurationList section */
	};
	rootObject = 9A5FABA02E6861CD00A4AF54 /* Project object */;
}
